
Microsoft Visual Studio Solution File, Format Version 12.00
# Visual Studio Express 14 for Windows Desktop
VisualStudioVersion = 14.0.23107.0
MinimumVisualStudioVersion = 10.0.40219.1
Project("{8BC9CEB8-8B4A-11D0-8D11-00A0C91BC942}") = "TesterOctober", "TesterOctober\TesterOctober.vcxproj", "{7F6573B1-9A9D-475F-B7FF-6BAD1BBFF3D2}"
EndProject
Project("{8BC9CEB8-8B4A-11D0-8D11-00A0C91BC942}") = "Janus", "Janus\Janus.vcxproj", "{BEDBCF4C-DF88-409D-8191-0A6391CA6762}"
EndProject
Project("{8BC9CEB8-8B4A-11D0-8D11-00A0C91BC942}") = "October", "October\October.vcxproj", "{AF53E6D6-CD58-42C0-8B42-AFA5A4876075}"
EndProject
Project("{8BC9CEB8-8B4A-11D0-8D11-00A0C91BC942}") = "Seasoning", "Seasoning\Seasoning.vcxproj", "{C318CB7D-0537-4ADB-B00D-7C2F1E808B25}"
EndProject
Project("{8BC9CEB8-8B4A-11D0-8D11-00A0C91BC942}") = "March", "March\March.vcxproj", "{DC3857E7-BE99-4427-8299-0681B6CD8E0B}"
EndProject
Project("{8BC9CEB8-8B4A-11D0-8D11-00A0C91BC942}") = "April", "April\April.vcxproj", "{9C18ACC2-733D-4BB2-AD36-68387F01332F}"
EndProject
Project("{8BC9CEB8-8B4A-11D0-8D11-00A0C91BC942}") = "February", "February\February.vcxproj", "{165F7A98-7D66-40A5-B2AC-86E446FFE6A6}"
EndProject
Project("{8BC9CEB8-8B4A-11D0-8D11-00A0C91BC942}") = "January", "January\January.vcxproj", "{0A2FD213-6013-41DF-B04A-1FCFAF4CB6A7}"
EndProject
Project("{8BC9CEB8-8B4A-11D0-8D11-00A0C91BC942}") = "May", "May\May.vcxproj", "{7AC8BF77-6393-4C34-888C-779F1586FEA9}"
EndProject
Project("{8BC9CEB8-8B4A-11D0-8D11-00A0C91BC942}") = "June", "June\June.vcxproj", "{0C2FB4BF-6BC5-4C27-B02B-3120ADE0153A}"
EndProject
Project("{8BC9CEB8-8B4A-11D0-8D11-00A0C91BC942}") = "July", "July\July.vcxproj", "{5C916495-844A-4780-B2A1-37202E28FFDD}"
EndProject
Project("{8BC9CEB8-8B4A-11D0-8D11-00A0C91BC942}") = "August", "August\August.vcxproj", "{8F19BBD8-06CB-4BEC-B097-8451F35E750D}"
EndProject
Project("{8BC9CEB8-8B4A-11D0-8D11-00A0C91BC942}") = "September", "September\September.vcxproj", "{4F6C2B8A-D6B5-4FA3-AD74-CF53A3CE97A8}"
EndProject
Project("{8BC9CEB8-8B4A-11D0-8D11-00A0C91BC942}") = "November", "November\November.vcxproj", "{B183C401-C3D2-4928-8BB7-ADB8A86A83D3}"
EndProject
Project("{8BC9CEB8-8B4A-11D0-8D11-00A0C91BC942}") = "December", "December\December.vcxproj", "{C1F1F96F-4791-4958-A7CD-897D066EAFD6}"
EndProject
Global
	GlobalSection(SolutionConfigurationPlatforms) = preSolution
		Debug|Any CPU = Debug|Any CPU
		Debug|x64 = Debug|x64
		Debug|x86 = Debug|x86
		Release|Any CPU = Release|Any CPU
		Release|x64 = Release|x64
		Release|x86 = Release|x86
	EndGlobalSection
	GlobalSection(ProjectConfigurationPlatforms) = postSolution
		{7F6573B1-9A9D-475F-B7FF-6BAD1BBFF3D2}.Debug|Any CPU.ActiveCfg = Debug|Win32
		{7F6573B1-9A9D-475F-B7FF-6BAD1BBFF3D2}.Debug|x64.ActiveCfg = Debug|x64
		{7F6573B1-9A9D-475F-B7FF-6BAD1BBFF3D2}.Debug|x64.Build.0 = Debug|x64
		{7F6573B1-9A9D-475F-B7FF-6BAD1BBFF3D2}.Debug|x86.ActiveCfg = Debug|Win32
		{7F6573B1-9A9D-475F-B7FF-6BAD1BBFF3D2}.Debug|x86.Build.0 = Debug|Win32
		{7F6573B1-9A9D-475F-B7FF-6BAD1BBFF3D2}.Release|Any CPU.ActiveCfg = Release|Win32
		{7F6573B1-9A9D-475F-B7FF-6BAD1BBFF3D2}.Release|x64.ActiveCfg = Release|x64
		{7F6573B1-9A9D-475F-B7FF-6BAD1BBFF3D2}.Release|x64.Build.0 = Release|x64
		{7F6573B1-9A9D-475F-B7FF-6BAD1BBFF3D2}.Release|x86.ActiveCfg = Release|Win32
		{7F6573B1-9A9D-475F-B7FF-6BAD1BBFF3D2}.Release|x86.Build.0 = Release|Win32
		{BEDBCF4C-DF88-409D-8191-0A6391CA6762}.Debug|Any CPU.ActiveCfg = Debug|Win32
		{BEDBCF4C-DF88-409D-8191-0A6391CA6762}.Debug|x64.ActiveCfg = Debug|x64
		{BEDBCF4C-DF88-409D-8191-0A6391CA6762}.Debug|x64.Build.0 = Debug|x64
		{BEDBCF4C-DF88-409D-8191-0A6391CA6762}.Debug|x86.ActiveCfg = Debug|Win32
		{BEDBCF4C-DF88-409D-8191-0A6391CA6762}.Debug|x86.Build.0 = Debug|Win32
		{BEDBCF4C-DF88-409D-8191-0A6391CA6762}.Release|Any CPU.ActiveCfg = Release|Win32
		{BEDBCF4C-DF88-409D-8191-0A6391CA6762}.Release|x64.ActiveCfg = Release|x64
		{BEDBCF4C-DF88-409D-8191-0A6391CA6762}.Release|x64.Build.0 = Release|x64
		{BEDBCF4C-DF88-409D-8191-0A6391CA6762}.Release|x86.ActiveCfg = Release|Win32
		{BEDBCF4C-DF88-409D-8191-0A6391CA6762}.Release|x86.Build.0 = Release|Win32
		{AF53E6D6-CD58-42C0-8B42-AFA5A4876075}.Debug|Any CPU.ActiveCfg = Debug|Win32
		{AF53E6D6-CD58-42C0-8B42-AFA5A4876075}.Debug|x64.ActiveCfg = Debug|x64
		{AF53E6D6-CD58-42C0-8B42-AFA5A4876075}.Debug|x64.Build.0 = Debug|x64
		{AF53E6D6-CD58-42C0-8B42-AFA5A4876075}.Debug|x86.ActiveCfg = Debug|Win32
		{AF53E6D6-CD58-42C0-8B42-AFA5A4876075}.Debug|x86.Build.0 = Debug|Win32
		{AF53E6D6-CD58-42C0-8B42-AFA5A4876075}.Release|Any CPU.ActiveCfg = Release|Win32
		{AF53E6D6-CD58-42C0-8B42-AFA5A4876075}.Release|x64.ActiveCfg = Release|x64
		{AF53E6D6-CD58-42C0-8B42-AFA5A4876075}.Release|x64.Build.0 = Release|x64
		{AF53E6D6-CD58-42C0-8B42-AFA5A4876075}.Release|x86.ActiveCfg = Release|Win32
		{AF53E6D6-CD58-42C0-8B42-AFA5A4876075}.Release|x86.Build.0 = Release|Win32
		{C318CB7D-0537-4ADB-B00D-7C2F1E808B25}.Debug|Any CPU.ActiveCfg = Debug|Win32
		{C318CB7D-0537-4ADB-B00D-7C2F1E808B25}.Debug|x64.ActiveCfg = Debug|x64
		{C318CB7D-0537-4ADB-B00D-7C2F1E808B25}.Debug|x64.Build.0 = Debug|x64
		{C318CB7D-0537-4ADB-B00D-7C2F1E808B25}.Debug|x86.ActiveCfg = Debug|Win32
		{C318CB7D-0537-4ADB-B00D-7C2F1E808B25}.Debug|x86.Build.0 = Debug|Win32
		{C318CB7D-0537-4ADB-B00D-7C2F1E808B25}.Release|Any CPU.ActiveCfg = Release|Win32
		{C318CB7D-0537-4ADB-B00D-7C2F1E808B25}.Release|x64.ActiveCfg = Release|x64
		{C318CB7D-0537-4ADB-B00D-7C2F1E808B25}.Release|x64.Build.0 = Release|x64
		{C318CB7D-0537-4ADB-B00D-7C2F1E808B25}.Release|x86.ActiveCfg = Release|Win32
		{C318CB7D-0537-4ADB-B00D-7C2F1E808B25}.Release|x86.Build.0 = Release|Win32
		{DC3857E7-BE99-4427-8299-0681B6CD8E0B}.Debug|Any CPU.ActiveCfg = Debug|Win32
		{DC3857E7-BE99-4427-8299-0681B6CD8E0B}.Debug|x64.ActiveCfg = Debug|x64
		{DC3857E7-BE99-4427-8299-0681B6CD8E0B}.Debug|x64.Build.0 = Debug|x64
		{DC3857E7-BE99-4427-8299-0681B6CD8E0B}.Debug|x86.ActiveCfg = Debug|Win32
		{DC3857E7-BE99-4427-8299-0681B6CD8E0B}.Debug|x86.Build.0 = Debug|Win32
		{DC3857E7-BE99-4427-8299-0681B6CD8E0B}.Release|Any CPU.ActiveCfg = Release|Win32
		{DC3857E7-BE99-4427-8299-0681B6CD8E0B}.Release|x64.ActiveCfg = Release|x64
		{DC3857E7-BE99-4427-8299-0681B6CD8E0B}.Release|x64.Build.0 = Release|x64
		{DC3857E7-BE99-4427-8299-0681B6CD8E0B}.Release|x86.ActiveCfg = Release|Win32
		{DC3857E7-BE99-4427-8299-0681B6CD8E0B}.Release|x86.Build.0 = Release|Win32
		{9C18ACC2-733D-4BB2-AD36-68387F01332F}.Debug|Any CPU.ActiveCfg = Debug|Win32
		{9C18ACC2-733D-4BB2-AD36-68387F01332F}.Debug|x64.ActiveCfg = Debug|x64
		{9C18ACC2-733D-4BB2-AD36-68387F01332F}.Debug|x64.Build.0 = Debug|x64
		{9C18ACC2-733D-4BB2-AD36-68387F01332F}.Debug|x86.ActiveCfg = Debug|Win32
		{9C18ACC2-733D-4BB2-AD36-68387F01332F}.Debug|x86.Build.0 = Debug|Win32
		{9C18ACC2-733D-4BB2-AD36-68387F01332F}.Release|Any CPU.ActiveCfg = Release|Win32
		{9C18ACC2-733D-4BB2-AD36-68387F01332F}.Release|x64.ActiveCfg = Release|x64
		{9C18ACC2-733D-4BB2-AD36-68387F01332F}.Release|x64.Build.0 = Release|x64
		{9C18ACC2-733D-4BB2-AD36-68387F01332F}.Release|x86.ActiveCfg = Release|Win32
		{9C18ACC2-733D-4BB2-AD36-68387F01332F}.Release|x86.Build.0 = Release|Win32
		{165F7A98-7D66-40A5-B2AC-86E446FFE6A6}.Debug|Any CPU.ActiveCfg = Debug|Win32
		{165F7A98-7D66-40A5-B2AC-86E446FFE6A6}.Debug|x64.ActiveCfg = Debug|x64
		{165F7A98-7D66-40A5-B2AC-86E446FFE6A6}.Debug|x64.Build.0 = Debug|x64
		{165F7A98-7D66-40A5-B2AC-86E446FFE6A6}.Debug|x86.ActiveCfg = Debug|Win32
		{165F7A98-7D66-40A5-B2AC-86E446FFE6A6}.Debug|x86.Build.0 = Debug|Win32
		{165F7A98-7D66-40A5-B2AC-86E446FFE6A6}.Release|Any CPU.ActiveCfg = Release|Win32
		{165F7A98-7D66-40A5-B2AC-86E446FFE6A6}.Release|x64.ActiveCfg = Release|x64
		{165F7A98-7D66-40A5-B2AC-86E446FFE6A6}.Release|x64.Build.0 = Release|x64
		{165F7A98-7D66-40A5-B2AC-86E446FFE6A6}.Release|x86.ActiveCfg = Release|Win32
		{165F7A98-7D66-40A5-B2AC-86E446FFE6A6}.Release|x86.Build.0 = Release|Win32
		{0A2FD213-6013-41DF-B04A-1FCFAF4CB6A7}.Debug|Any CPU.ActiveCfg = Debug|Win32
		{0A2FD213-6013-41DF-B04A-1FCFAF4CB6A7}.Debug|x64.ActiveCfg = Debug|x64
		{0A2FD213-6013-41DF-B04A-1FCFAF4CB6A7}.Debug|x64.Build.0 = Debug|x64
		{0A2FD213-6013-41DF-B04A-1FCFAF4CB6A7}.Debug|x86.ActiveCfg = Debug|Win32
		{0A2FD213-6013-41DF-B04A-1FCFAF4CB6A7}.Debug|x86.Build.0 = Debug|Win32
		{0A2FD213-6013-41DF-B04A-1FCFAF4CB6A7}.Release|Any CPU.ActiveCfg = Release|Win32
		{0A2FD213-6013-41DF-B04A-1FCFAF4CB6A7}.Release|x64.ActiveCfg = Release|x64
		{0A2FD213-6013-41DF-B04A-1FCFAF4CB6A7}.Release|x64.Build.0 = Release|x64
		{0A2FD213-6013-41DF-B04A-1FCFAF4CB6A7}.Release|x86.ActiveCfg = Release|Win32
		{0A2FD213-6013-41DF-B04A-1FCFAF4CB6A7}.Release|x86.Build.0 = Release|Win32
		{7AC8BF77-6393-4C34-888C-779F1586FEA9}.Debug|Any CPU.ActiveCfg = Debug|Win32
		{7AC8BF77-6393-4C34-888C-779F1586FEA9}.Debug|x64.ActiveCfg = Debug|x64
		{7AC8BF77-6393-4C34-888C-779F1586FEA9}.Debug|x64.Build.0 = Debug|x64
		{7AC8BF77-6393-4C34-888C-779F1586FEA9}.Debug|x86.ActiveCfg = Debug|Win32
		{7AC8BF77-6393-4C34-888C-779F1586FEA9}.Debug|x86.Build.0 = Debug|Win32
		{7AC8BF77-6393-4C34-888C-779F1586FEA9}.Release|Any CPU.ActiveCfg = Release|Win32
		{7AC8BF77-6393-4C34-888C-779F1586FEA9}.Release|x64.ActiveCfg = Release|x64
		{7AC8BF77-6393-4C34-888C-779F1586FEA9}.Release|x64.Build.0 = Release|x64
		{7AC8BF77-6393-4C34-888C-779F1586FEA9}.Release|x86.ActiveCfg = Release|Win32
		{7AC8BF77-6393-4C34-888C-779F1586FEA9}.Release|x86.Build.0 = Release|Win32
		{0C2FB4BF-6BC5-4C27-B02B-3120ADE0153A}.Debug|Any CPU.ActiveCfg = Debug|Win32
		{0C2FB4BF-6BC5-4C27-B02B-3120ADE0153A}.Debug|x64.ActiveCfg = Debug|x64
		{0C2FB4BF-6BC5-4C27-B02B-3120ADE0153A}.Debug|x64.Build.0 = Debug|x64
		{0C2FB4BF-6BC5-4C27-B02B-3120ADE0153A}.Debug|x86.ActiveCfg = Debug|Win32
		{0C2FB4BF-6BC5-4C27-B02B-3120ADE0153A}.Debug|x86.Build.0 = Debug|Win32
		{0C2FB4BF-6BC5-4C27-B02B-3120ADE0153A}.Release|Any CPU.ActiveCfg = Release|Win32
		{0C2FB4BF-6BC5-4C27-B02B-3120ADE0153A}.Release|x64.ActiveCfg = Release|x64
		{0C2FB4BF-6BC5-4C27-B02B-3120ADE0153A}.Release|x64.Build.0 = Release|x64
		{0C2FB4BF-6BC5-4C27-B02B-3120ADE0153A}.Release|x86.ActiveCfg = Release|Win32
		{0C2FB4BF-6BC5-4C27-B02B-3120ADE0153A}.Release|x86.Build.0 = Release|Win32
		{5C916495-844A-4780-B2A1-37202E28FFDD}.Debug|Any CPU.ActiveCfg = Debug|Win32
		{5C916495-844A-4780-B2A1-37202E28FFDD}.Debug|x64.ActiveCfg = Debug|x64
		{5C916495-844A-4780-B2A1-37202E28FFDD}.Debug|x64.Build.0 = Debug|x64
		{5C916495-844A-4780-B2A1-37202E28FFDD}.Debug|x86.ActiveCfg = Debug|Win32
		{5C916495-844A-4780-B2A1-37202E28FFDD}.Debug|x86.Build.0 = Debug|Win32
		{5C916495-844A-4780-B2A1-37202E28FFDD}.Release|Any CPU.ActiveCfg = Release|Win32
		{5C916495-844A-4780-B2A1-37202E28FFDD}.Release|x64.ActiveCfg = Release|x64
		{5C916495-844A-4780-B2A1-37202E28FFDD}.Release|x64.Build.0 = Release|x64
		{5C916495-844A-4780-B2A1-37202E28FFDD}.Release|x86.ActiveCfg = Release|Win32
		{5C916495-844A-4780-B2A1-37202E28FFDD}.Release|x86.Build.0 = Release|Win32
		{8F19BBD8-06CB-4BEC-B097-8451F35E750D}.Debug|Any CPU.ActiveCfg = Debug|Win32
		{8F19BBD8-06CB-4BEC-B097-8451F35E750D}.Debug|x64.ActiveCfg = Debug|x64
		{8F19BBD8-06CB-4BEC-B097-8451F35E750D}.Debug|x64.Build.0 = Debug|x64
		{8F19BBD8-06CB-4BEC-B097-8451F35E750D}.Debug|x86.ActiveCfg = Debug|Win32
		{8F19BBD8-06CB-4BEC-B097-8451F35E750D}.Debug|x86.Build.0 = Debug|Win32
		{8F19BBD8-06CB-4BEC-B097-8451F35E750D}.Release|Any CPU.ActiveCfg = Release|Win32
		{8F19BBD8-06CB-4BEC-B097-8451F35E750D}.Release|x64.ActiveCfg = Release|x64
		{8F19BBD8-06CB-4BEC-B097-8451F35E750D}.Release|x64.Build.0 = Release|x64
		{8F19BBD8-06CB-4BEC-B097-8451F35E750D}.Release|x86.ActiveCfg = Release|Win32
		{8F19BBD8-06CB-4BEC-B097-8451F35E750D}.Release|x86.Build.0 = Release|Win32
		{4F6C2B8A-D6B5-4FA3-AD74-CF53A3CE97A8}.Debug|Any CPU.ActiveCfg = Debug|Win32
		{4F6C2B8A-D6B5-4FA3-AD74-CF53A3CE97A8}.Debug|x64.ActiveCfg = Debug|x64
		{4F6C2B8A-D6B5-4FA3-AD74-CF53A3CE97A8}.Debug|x64.Build.0 = Debug|x64
		{4F6C2B8A-D6B5-4FA3-AD74-CF53A3CE97A8}.Debug|x86.ActiveCfg = Debug|Win32
		{4F6C2B8A-D6B5-4FA3-AD74-CF53A3CE97A8}.Debug|x86.Build.0 = Debug|Win32
		{4F6C2B8A-D6B5-4FA3-AD74-CF53A3CE97A8}.Release|Any CPU.ActiveCfg = Release|Win32
		{4F6C2B8A-D6B5-4FA3-AD74-CF53A3CE97A8}.Release|x64.ActiveCfg = Release|x64
		{4F6C2B8A-D6B5-4FA3-AD74-CF53A3CE97A8}.Release|x64.Build.0 = Release|x64
		{4F6C2B8A-D6B5-4FA3-AD74-CF53A3CE97A8}.Release|x86.ActiveCfg = Release|Win32
		{4F6C2B8A-D6B5-4FA3-AD74-CF53A3CE97A8}.Release|x86.Build.0 = Release|Win32
		{B183C401-C3D2-4928-8BB7-ADB8A86A83D3}.Debug|Any CPU.ActiveCfg = Debug|Win32
		{B183C401-C3D2-4928-8BB7-ADB8A86A83D3}.Debug|x64.ActiveCfg = Debug|x64
		{B183C401-C3D2-4928-8BB7-ADB8A86A83D3}.Debug|x64.Build.0 = Debug|x64
		{B183C401-C3D2-4928-8BB7-ADB8A86A83D3}.Debug|x86.ActiveCfg = Debug|Win32
		{B183C401-C3D2-4928-8BB7-ADB8A86A83D3}.Debug|x86.Build.0 = Debug|Win32
		{B183C401-C3D2-4928-8BB7-ADB8A86A83D3}.Release|Any CPU.ActiveCfg = Release|Win32
		{B183C401-C3D2-4928-8BB7-ADB8A86A83D3}.Release|x64.ActiveCfg = Release|x64
		{B183C401-C3D2-4928-8BB7-ADB8A86A83D3}.Release|x64.Build.0 = Release|x64
		{B183C401-C3D2-4928-8BB7-ADB8A86A83D3}.Release|x86.ActiveCfg = Release|Win32
		{B183C401-C3D2-4928-8BB7-ADB8A86A83D3}.Release|x86.Build.0 = Release|Win32
		{C1F1F96F-4791-4958-A7CD-897D066EAFD6}.Debug|Any CPU.ActiveCfg = Debug|Win32
		{C1F1F96F-4791-4958-A7CD-897D066EAFD6}.Debug|x64.ActiveCfg = Debug|x64
		{C1F1F96F-4791-4958-A7CD-897D066EAFD6}.Debug|x64.Build.0 = Debug|x64
		{C1F1F96F-4791-4958-A7CD-897D066EAFD6}.Debug|x86.ActiveCfg = Debug|Win32
		{C1F1F96F-4791-4958-A7CD-897D066EAFD6}.Debug|x86.Build.0 = Debug|Win32
		{C1F1F96F-4791-4958-A7CD-897D066EAFD6}.Release|Any CPU.ActiveCfg = Release|Win32
		{C1F1F96F-4791-4958-A7CD-897D066EAFD6}.Release|x64.ActiveCfg = Release|x64
		{C1F1F96F-4791-4958-A7CD-897D066EAFD6}.Release|x64.Build.0 = Release|x64
		{C1F1F96F-4791-4958-A7CD-897D066EAFD6}.Release|x86.ActiveCfg = Release|Win32
		{C1F1F96F-4791-4958-A7CD-897D066EAFD6}.Release|x86.Build.0 = Release|Win32
	EndGlobalSection
	GlobalSection(SolutionProperties) = preSolution
		HideSolutionNode = FALSE
	EndGlobalSection
EndGlobal
